
Microsoft Visual Studio Solution File, Format Version 12.00
# Visual Studio Version 17
VisualStudioVersion = 17.14.36511.14 d17.14
MinimumVisualStudioVersion = 10.0.40219.1
Project("{FAE04EC0-301F-11D3-BF4B-00C04F79EFBC}") = "Goldsmith", "goldsmith\Goldsmith.csproj", "{7B709F68-E277-4800-958A-DD7BBC28E3A0}"
EndProject
Project("{FAE04EC0-301F-11D3-BF4B-00C04F79EFBC}") = "goldsmith.testfolder", "goldsmith.testfolder\goldsmith.testfolder.csproj", "{14EE77A4-EA4F-46F0-AE48-E8ED2570112D}"
EndProject
Global
	GlobalSection(SolutionConfigurationPlatforms) = preSolution
		Debug|Any CPU = Debug|Any CPU
		Release|Any CPU = Release|Any CPU
	EndGlobalSection
	GlobalSection(ProjectConfigurationPlatforms) = postSolution
		{7B709F68-E277-4800-958A-DD7BBC28E3A0}.Debug|Any CPU.ActiveCfg = Debug|Any CPU
		{7B709F68-E277-4800-958A-DD7BBC28E3A0}.Debug|Any CPU.Build.0 = Debug|Any CPU
		{7B709F68-E277-4800-958A-DD7BBC28E3A0}.Release|Any CPU.ActiveCfg = Release|Any CPU
		{7B709F68-E277-4800-958A-DD7BBC28E3A0}.Release|Any CPU.Build.0 = Release|Any CPU
		{14EE77A4-EA4F-46F0-AE48-E8ED2570112D}.Debug|Any CPU.ActiveCfg = Debug|Any CPU
		{14EE77A4-EA4F-46F0-AE48-E8ED2570112D}.Debug|Any CPU.Build.0 = Debug|Any CPU
		{14EE77A4-EA4F-46F0-AE48-E8ED2570112D}.Release|Any CPU.ActiveCfg = Release|Any CPU
		{14EE77A4-EA4F-46F0-AE48-E8ED2570112D}.Release|Any CPU.Build.0 = Release|Any CPU
	EndGlobalSection
	GlobalSection(SolutionProperties) = preSolution
		HideSolutionNode = FALSE
	EndGlobalSection
	GlobalSection(ExtensibilityGlobals) = postSolution
		SolutionGuid = {6AC3CCC4-64B6-4C10-86F8-53DD9F0C73A2}
	EndGlobalSection
EndGlobal
